PODS:
  - Flutter (1.0.0)
  - razorpay-customui-pod (2.0.6)
  - razorpay_flutter_customui (1.3.2):
    - Flutter
    - razorpay-customui-pod

DEPENDENCIES:
  - Flutter (from `Flutter`)
  - razorpay_flutter_customui (from `.symlinks/plugins/razorpay_flutter_customui/ios`)

SPEC REPOS:
  trunk:
    - razorpay-customui-pod

EXTERNAL SOURCES:
  Flutter:
    :path: Flutter
  razorpay_flutter_customui:
    :path: ".symlinks/plugins/razorpay_flutter_customui/ios"

SPEC CHECKSUMS:
  Flutter: f04841e97a9d0b0a8025694d0796dd46242b2854
  razorpay-customui-pod: 3a660addfac3b2c015a72de4c8c8c3bc2c16f851
  razorpay_flutter_customui: d234a058e50df9e65680de75121caf11676d8a88

PODFILE CHECKSUM: 642e1262a59f7238a9b65ccfac5b00f35ff92053

COCOAPODS: 1.11.3
